
Microsoft Visual Studio Solution File, Format Version 12.00
# Visual Studio Version 17
VisualStudioVersion = 17.14.36408.4
MinimumVisualStudioVersion = 10.0.40219.1
Project("{FAE04EC0-301F-11D3-BF4B-00C04F79EFBC}") = "MiniADREC.API", "MiniADREC.API\MiniADREC.API.csproj", "{8D3043E6-9446-4CAD-9FC3-75461E8A664E}"
EndProject
Project("{FAE04EC0-301F-11D3-BF4B-00C04F79EFBC}") = "MiniADREC.Services", "MiniADREC.Services\MiniADREC.Services.csproj", "{C38CEB66-CD8B-4265-B26B-D5DDC8D834C5}"
EndProject
Project("{FAE04EC0-301F-11D3-BF4B-00C04F79EFBC}") = "MiniADREC.Repositories", "MiniADREC.Repositories\MiniADREC.Repositories.csproj", "{7D7E2926-8206-4A36-830E-90385BFCA137}"
EndProject
Project("{FAE04EC0-301F-11D3-BF4B-00C04F79EFBC}") = "MiniADREC.DTO", "MiniADREC.DTO\MiniADREC.DTO.csproj", "{6AF5B78D-8B6F-4FF4-BD93-4EF1F7A8A796}"
EndProject
Project("{FAE04EC0-301F-11D3-BF4B-00C04F79EFBC}") = "MiniADREC.Context", "MiniADREC.Context\MiniADREC.Context.csproj", "{06FD74C9-AF04-4D8E-8FA9-A88B359E2B0F}"
EndProject
Project("{FAE04EC0-301F-11D3-BF4B-00C04F79EFBC}") = "MiniADREC.Common", "MiniADREC.Common\MiniADREC.Common.csproj", "{AC6AE789-CF83-42E5-9BED-085083A8C0DD}"
EndProject
Project("{FAE04EC0-301F-11D3-BF4B-00C04F79EFBC}") = "MiniADREC.Caching", "MiniADREC.Caching\MiniADREC.Caching.csproj", "{FA5C1F1A-AFFB-4FED-A686-16B2B665C1FE}"
EndProject
Project("{FAE04EC0-301F-11D3-BF4B-00C04F79EFBC}") = "MiniADREC.Domain", "MiniADREC.Domain\MiniADREC.Domain.csproj", "{E7AF6CB6-B75A-40D5-B65E-BF7E0D03A98D}"
EndProject
Global
	GlobalSection(SolutionConfigurationPlatforms) = preSolution
		Debug|Any CPU = Debug|Any CPU
		Debug|x64 = Debug|x64
		Debug|x86 = Debug|x86
		Release|Any CPU = Release|Any CPU
		Release|x64 = Release|x64
		Release|x86 = Release|x86
	EndGlobalSection
	GlobalSection(ProjectConfigurationPlatforms) = postSolution
		{8D3043E6-9446-4CAD-9FC3-75461E8A664E}.Debug|Any CPU.ActiveCfg = Debug|Any CPU
		{8D3043E6-9446-4CAD-9FC3-75461E8A664E}.Debug|Any CPU.Build.0 = Debug|Any CPU
		{8D3043E6-9446-4CAD-9FC3-75461E8A664E}.Debug|x64.ActiveCfg = Debug|Any CPU
		{8D3043E6-9446-4CAD-9FC3-75461E8A664E}.Debug|x64.Build.0 = Debug|Any CPU
		{8D3043E6-9446-4CAD-9FC3-75461E8A664E}.Debug|x86.ActiveCfg = Debug|Any CPU
		{8D3043E6-9446-4CAD-9FC3-75461E8A664E}.Debug|x86.Build.0 = Debug|Any CPU
		{8D3043E6-9446-4CAD-9FC3-75461E8A664E}.Release|Any CPU.ActiveCfg = Release|Any CPU
		{8D3043E6-9446-4CAD-9FC3-75461E8A664E}.Release|Any CPU.Build.0 = Release|Any CPU
		{8D3043E6-9446-4CAD-9FC3-75461E8A664E}.Release|x64.ActiveCfg = Release|Any CPU
		{8D3043E6-9446-4CAD-9FC3-75461E8A664E}.Release|x64.Build.0 = Release|Any CPU
		{8D3043E6-9446-4CAD-9FC3-75461E8A664E}.Release|x86.ActiveCfg = Release|Any CPU
		{8D3043E6-9446-4CAD-9FC3-75461E8A664E}.Release|x86.Build.0 = Release|Any CPU
		{C38CEB66-CD8B-4265-B26B-D5DDC8D834C5}.Debug|Any CPU.ActiveCfg = Debug|Any CPU
		{C38CEB66-CD8B-4265-B26B-D5DDC8D834C5}.Debug|Any CPU.Build.0 = Debug|Any CPU
		{C38CEB66-CD8B-4265-B26B-D5DDC8D834C5}.Debug|x64.ActiveCfg = Debug|Any CPU
		{C38CEB66-CD8B-4265-B26B-D5DDC8D834C5}.Debug|x64.Build.0 = Debug|Any CPU
		{C38CEB66-CD8B-4265-B26B-D5DDC8D834C5}.Debug|x86.ActiveCfg = Debug|Any CPU
		{C38CEB66-CD8B-4265-B26B-D5DDC8D834C5}.Debug|x86.Build.0 = Debug|Any CPU
		{C38CEB66-CD8B-4265-B26B-D5DDC8D834C5}.Release|Any CPU.ActiveCfg = Release|Any CPU
		{C38CEB66-CD8B-4265-B26B-D5DDC8D834C5}.Release|Any CPU.Build.0 = Release|Any CPU
		{C38CEB66-CD8B-4265-B26B-D5DDC8D834C5}.Release|x64.ActiveCfg = Release|Any CPU
		{C38CEB66-CD8B-4265-B26B-D5DDC8D834C5}.Release|x64.Build.0 = Release|Any CPU
		{C38CEB66-CD8B-4265-B26B-D5DDC8D834C5}.Release|x86.ActiveCfg = Release|Any CPU
		{C38CEB66-CD8B-4265-B26B-D5DDC8D834C5}.Release|x86.Build.0 = Release|Any CPU
		{7D7E2926-8206-4A36-830E-90385BFCA137}.Debug|Any CPU.ActiveCfg = Debug|Any CPU
		{7D7E2926-8206-4A36-830E-90385BFCA137}.Debug|Any CPU.Build.0 = Debug|Any CPU
		{7D7E2926-8206-4A36-830E-90385BFCA137}.Debug|x64.ActiveCfg = Debug|Any CPU
		{7D7E2926-8206-4A36-830E-90385BFCA137}.Debug|x64.Build.0 = Debug|Any CPU
		{7D7E2926-8206-4A36-830E-90385BFCA137}.Debug|x86.ActiveCfg = Debug|Any CPU
		{7D7E2926-8206-4A36-830E-90385BFCA137}.Debug|x86.Build.0 = Debug|Any CPU
		{7D7E2926-8206-4A36-830E-90385BFCA137}.Release|Any CPU.ActiveCfg = Release|Any CPU
		{7D7E2926-8206-4A36-830E-90385BFCA137}.Release|Any CPU.Build.0 = Release|Any CPU
		{7D7E2926-8206-4A36-830E-90385BFCA137}.Release|x64.ActiveCfg = Release|Any CPU
		{7D7E2926-8206-4A36-830E-90385BFCA137}.Release|x64.Build.0 = Release|Any CPU
		{7D7E2926-8206-4A36-830E-90385BFCA137}.Release|x86.ActiveCfg = Release|Any CPU
		{7D7E2926-8206-4A36-830E-90385BFCA137}.Release|x86.Build.0 = Release|Any CPU
		{6AF5B78D-8B6F-4FF4-BD93-4EF1F7A8A796}.Debug|Any CPU.ActiveCfg = Debug|Any CPU
		{6AF5B78D-8B6F-4FF4-BD93-4EF1F7A8A796}.Debug|Any CPU.Build.0 = Debug|Any CPU
		{6AF5B78D-8B6F-4FF4-BD93-4EF1F7A8A796}.Debug|x64.ActiveCfg = Debug|Any CPU
		{6AF5B78D-8B6F-4FF4-BD93-4EF1F7A8A796}.Debug|x64.Build.0 = Debug|Any CPU
		{6AF5B78D-8B6F-4FF4-BD93-4EF1F7A8A796}.Debug|x86.ActiveCfg = Debug|Any CPU
		{6AF5B78D-8B6F-4FF4-BD93-4EF1F7A8A796}.Debug|x86.Build.0 = Debug|Any CPU
		{6AF5B78D-8B6F-4FF4-BD93-4EF1F7A8A796}.Release|Any CPU.ActiveCfg = Release|Any CPU
		{6AF5B78D-8B6F-4FF4-BD93-4EF1F7A8A796}.Release|Any CPU.Build.0 = Release|Any CPU
		{6AF5B78D-8B6F-4FF4-BD93-4EF1F7A8A796}.Release|x64.ActiveCfg = Release|Any CPU
		{6AF5B78D-8B6F-4FF4-BD93-4EF1F7A8A796}.Release|x64.Build.0 = Release|Any CPU
		{6AF5B78D-8B6F-4FF4-BD93-4EF1F7A8A796}.Release|x86.ActiveCfg = Release|Any CPU
		{6AF5B78D-8B6F-4FF4-BD93-4EF1F7A8A796}.Release|x86.Build.0 = Release|Any CPU
		{06FD74C9-AF04-4D8E-8FA9-A88B359E2B0F}.Debug|Any CPU.ActiveCfg = Debug|Any CPU
		{06FD74C9-AF04-4D8E-8FA9-A88B359E2B0F}.Debug|Any CPU.Build.0 = Debug|Any CPU
		{06FD74C9-AF04-4D8E-8FA9-A88B359E2B0F}.Debug|x64.ActiveCfg = Debug|Any CPU
		{06FD74C9-AF04-4D8E-8FA9-A88B359E2B0F}.Debug|x64.Build.0 = Debug|Any CPU
		{06FD74C9-AF04-4D8E-8FA9-A88B359E2B0F}.Debug|x86.ActiveCfg = Debug|Any CPU
		{06FD74C9-AF04-4D8E-8FA9-A88B359E2B0F}.Debug|x86.Build.0 = Debug|Any CPU
		{06FD74C9-AF04-4D8E-8FA9-A88B359E2B0F}.Release|Any CPU.ActiveCfg = Release|Any CPU
		{06FD74C9-AF04-4D8E-8FA9-A88B359E2B0F}.Release|Any CPU.Build.0 = Release|Any CPU
		{06FD74C9-AF04-4D8E-8FA9-A88B359E2B0F}.Release|x64.ActiveCfg = Release|Any CPU
		{06FD74C9-AF04-4D8E-8FA9-A88B359E2B0F}.Release|x64.Build.0 = Release|Any CPU
		{06FD74C9-AF04-4D8E-8FA9-A88B359E2B0F}.Release|x86.ActiveCfg = Release|Any CPU
		{06FD74C9-AF04-4D8E-8FA9-A88B359E2B0F}.Release|x86.Build.0 = Release|Any CPU
		{AC6AE789-CF83-42E5-9BED-085083A8C0DD}.Debug|Any CPU.ActiveCfg = Debug|Any CPU
		{AC6AE789-CF83-42E5-9BED-085083A8C0DD}.Debug|Any CPU.Build.0 = Debug|Any CPU
		{AC6AE789-CF83-42E5-9BED-085083A8C0DD}.Debug|x64.ActiveCfg = Debug|Any CPU
		{AC6AE789-CF83-42E5-9BED-085083A8C0DD}.Debug|x64.Build.0 = Debug|Any CPU
		{AC6AE789-CF83-42E5-9BED-085083A8C0DD}.Debug|x86.ActiveCfg = Debug|Any CPU
		{AC6AE789-CF83-42E5-9BED-085083A8C0DD}.Debug|x86.Build.0 = Debug|Any CPU
		{AC6AE789-CF83-42E5-9BED-085083A8C0DD}.Release|Any CPU.ActiveCfg = Release|Any CPU
		{AC6AE789-CF83-42E5-9BED-085083A8C0DD}.Release|Any CPU.Build.0 = Release|Any CPU
		{AC6AE789-CF83-42E5-9BED-085083A8C0DD}.Release|x64.ActiveCfg = Release|Any CPU
		{AC6AE789-CF83-42E5-9BED-085083A8C0DD}.Release|x64.Build.0 = Release|Any CPU
		{AC6AE789-CF83-42E5-9BED-085083A8C0DD}.Release|x86.ActiveCfg = Release|Any CPU
		{AC6AE789-CF83-42E5-9BED-085083A8C0DD}.Release|x86.Build.0 = Release|Any CPU
		{FA5C1F1A-AFFB-4FED-A686-16B2B665C1FE}.Debug|Any CPU.ActiveCfg = Debug|Any CPU
		{FA5C1F1A-AFFB-4FED-A686-16B2B665C1FE}.Debug|Any CPU.Build.0 = Debug|Any CPU
		{FA5C1F1A-AFFB-4FED-A686-16B2B665C1FE}.Debug|x64.ActiveCfg = Debug|Any CPU
		{FA5C1F1A-AFFB-4FED-A686-16B2B665C1FE}.Debug|x64.Build.0 = Debug|Any CPU
		{FA5C1F1A-AFFB-4FED-A686-16B2B665C1FE}.Debug|x86.ActiveCfg = Debug|Any CPU
		{FA5C1F1A-AFFB-4FED-A686-16B2B665C1FE}.Debug|x86.Build.0 = Debug|Any CPU
		{FA5C1F1A-AFFB-4FED-A686-16B2B665C1FE}.Release|Any CPU.ActiveCfg = Release|Any CPU
		{FA5C1F1A-AFFB-4FED-A686-16B2B665C1FE}.Release|Any CPU.Build.0 = Release|Any CPU
		{FA5C1F1A-AFFB-4FED-A686-16B2B665C1FE}.Release|x64.ActiveCfg = Release|Any CPU
		{FA5C1F1A-AFFB-4FED-A686-16B2B665C1FE}.Release|x64.Build.0 = Release|Any CPU
		{FA5C1F1A-AFFB-4FED-A686-16B2B665C1FE}.Release|x86.ActiveCfg = Release|Any CPU
		{FA5C1F1A-AFFB-4FED-A686-16B2B665C1FE}.Release|x86.Build.0 = Release|Any CPU
		{E7AF6CB6-B75A-40D5-B65E-BF7E0D03A98D}.Debug|Any CPU.ActiveCfg = Debug|Any CPU
		{E7AF6CB6-B75A-40D5-B65E-BF7E0D03A98D}.Debug|Any CPU.Build.0 = Debug|Any CPU
		{E7AF6CB6-B75A-40D5-B65E-BF7E0D03A98D}.Debug|x64.ActiveCfg = Debug|Any CPU
		{E7AF6CB6-B75A-40D5-B65E-BF7E0D03A98D}.Debug|x64.Build.0 = Debug|Any CPU
		{E7AF6CB6-B75A-40D5-B65E-BF7E0D03A98D}.Debug|x86.ActiveCfg = Debug|Any CPU
		{E7AF6CB6-B75A-40D5-B65E-BF7E0D03A98D}.Debug|x86.Build.0 = Debug|Any CPU
		{E7AF6CB6-B75A-40D5-B65E-BF7E0D03A98D}.Release|Any CPU.ActiveCfg = Release|Any CPU
		{E7AF6CB6-B75A-40D5-B65E-BF7E0D03A98D}.Release|Any CPU.Build.0 = Release|Any CPU
		{E7AF6CB6-B75A-40D5-B65E-BF7E0D03A98D}.Release|x64.ActiveCfg = Release|Any CPU
		{E7AF6CB6-B75A-40D5-B65E-BF7E0D03A98D}.Release|x64.Build.0 = Release|Any CPU
		{E7AF6CB6-B75A-40D5-B65E-BF7E0D03A98D}.Release|x86.ActiveCfg = Release|Any CPU
		{E7AF6CB6-B75A-40D5-B65E-BF7E0D03A98D}.Release|x86.Build.0 = Release|Any CPU
	EndGlobalSection
	GlobalSection(SolutionProperties) = preSolution
		HideSolutionNode = FALSE
	EndGlobalSection
	GlobalSection(ExtensibilityGlobals) = postSolution
		SolutionGuid = {F4A96086-8818-46DE-B28B-89CBF03EE7D6}
	EndGlobalSection
EndGlobal
